
Microsoft Visual Studio Solution File, Format Version 12.00
# Visual Studio Version 17
VisualStudioVersion = 17.0.31903.59
MinimumVisualStudioVersion = 10.0.40219.1
Project("{2150E333-8FDC-42A3-9474-1A3956D46DE8}") = "tests", "tests", "{81168731-14F7-4BA6-A6C5-807953FFC16F}"
EndProject
Project("{FAE04EC0-301F-11D3-BF4B-00C04F79EFBC}") = "EmployeeTask.Tests", "tests\EmployeeTask.Tests\EmployeeTask.Tests.csproj", "{3AF0673E-746D-4F77-9E4A-4C175EEEB623}"
EndProject
Project("{2150E333-8FDC-42A3-9474-1A3956D46DE8}") = "src", "src", "{116D5458-16C0-4019-A0DD-1EE146F840FD}"
EndProject
Project("{FAE04EC0-301F-11D3-BF4B-00C04F79EFBC}") = "EmployeeTask.API", "src\EmployeeTask.API\EmployeeTask.API.csproj", "{BDDB91C4-1308-445D-BC2E-FE0FA7FAAD46}"
EndProject
Global
	GlobalSection(SolutionConfigurationPlatforms) = preSolution
		Debug|Any CPU = Debug|Any CPU
		Release|Any CPU = Release|Any CPU
	EndGlobalSection
	GlobalSection(SolutionProperties) = preSolution
		HideSolutionNode = FALSE
	EndGlobalSection
	GlobalSection(ProjectConfigurationPlatforms) = postSolution
		{3AF0673E-746D-4F77-9E4A-4C175EEEB623}.Debug|Any CPU.ActiveCfg = Debug|Any CPU
		{3AF0673E-746D-4F77-9E4A-4C175EEEB623}.Debug|Any CPU.Build.0 = Debug|Any CPU
		{3AF0673E-746D-4F77-9E4A-4C175EEEB623}.Release|Any CPU.ActiveCfg = Release|Any CPU
		{3AF0673E-746D-4F77-9E4A-4C175EEEB623}.Release|Any CPU.Build.0 = Release|Any CPU
		{BDDB91C4-1308-445D-BC2E-FE0FA7FAAD46}.Debug|Any CPU.ActiveCfg = Debug|Any CPU
		{BDDB91C4-1308-445D-BC2E-FE0FA7FAAD46}.Debug|Any CPU.Build.0 = Debug|Any CPU
		{BDDB91C4-1308-445D-BC2E-FE0FA7FAAD46}.Release|Any CPU.ActiveCfg = Release|Any CPU
		{BDDB91C4-1308-445D-BC2E-FE0FA7FAAD46}.Release|Any CPU.Build.0 = Release|Any CPU
	EndGlobalSection
	GlobalSection(NestedProjects) = preSolution
		{3AF0673E-746D-4F77-9E4A-4C175EEEB623} = {81168731-14F7-4BA6-A6C5-807953FFC16F}
		{BDDB91C4-1308-445D-BC2E-FE0FA7FAAD46} = {116D5458-16C0-4019-A0DD-1EE146F840FD}
	EndGlobalSection
EndGlobal
